
Microsoft Visual Studio Solution File, Format Version 12.00
# Visual Studio 14
VisualStudioVersion = 14.0.24720.0
MinimumVisualStudioVersion = 10.0.40219.1
Project("{FAE04EC0-301F-11D3-BF4B-00C04F79EFBC}") = "SharepointEmulator", "SharepointEmulator\SharepointEmulator.csproj", "{05D9B3AC-E233-4ED4-BE55-F2A20B766D96}"
EndProject
Project("{FAE04EC0-301F-11D3-BF4B-00C04F79EFBC}") = "SharepointEmulator.Tests", "SharepointEmulator.Tests\SharepointEmulator.Tests.csproj", "{122E1890-55FE-4D5A-93FD-1C6D4D33BAAD}"
EndProject
Project("{FAE04EC0-301F-11D3-BF4B-00C04F79EFBC}") = "CFT.Standard.Web", "CFT.Standard.Web\CFT.Standard.Web.csproj", "{C4679E3D-11E0-4ED6-85E8-C953CB48FD76}"
EndProject
Project("{FAE04EC0-301F-11D3-BF4B-00C04F79EFBC}") = "CFT.Standard.BL", "CFT.Standard.BL\CFT.Standard.BL.csproj", "{647857CE-7A53-4820-9691-138A14B0A760}"
EndProject
Project("{FAE04EC0-301F-11D3-BF4B-00C04F79EFBC}") = "CFT.Standard.DAL", "CFT.Standard.DAL\CFT.Standard.DAL.csproj", "{175D73A0-C510-4142-9A0A-054052925C99}"
EndProject
Project("{FAE04EC0-301F-11D3-BF4B-00C04F79EFBC}") = "CFT.Standard.BL.Tests", "CFT.Standard.BL.Tests\CFT.Standard.BL.Tests.csproj", "{BCFA1764-FE58-4912-AF17-DBA1F181F5C5}"
EndProject
Project("{FAE04EC0-301F-11D3-BF4B-00C04F79EFBC}") = "CFT.Standard.DAL.Contracts", "CFT.Standard.DAL.Contracts\CFT.Standard.DAL.Contracts.csproj", "{A02D1154-3204-4B53-87C1-A64E623F632C}"
EndProject
Project("{FAE04EC0-301F-11D3-BF4B-00C04F79EFBC}") = "CFT.Standard.Api", "CFT.Standard.Api\CFT.Standard.Api.csproj", "{493F2CA4-301B-422E-8389-FB2A779E8817}"
EndProject
Global
	GlobalSection(SolutionConfigurationPlatforms) = preSolution
		Debug|Any CPU = Debug|Any CPU
		Release|Any CPU = Release|Any CPU
	EndGlobalSection
	GlobalSection(ProjectConfigurationPlatforms) = postSolution
		{05D9B3AC-E233-4ED4-BE55-F2A20B766D96}.Debug|Any CPU.ActiveCfg = Debug|Any CPU
		{05D9B3AC-E233-4ED4-BE55-F2A20B766D96}.Debug|Any CPU.Build.0 = Debug|Any CPU
		{05D9B3AC-E233-4ED4-BE55-F2A20B766D96}.Release|Any CPU.ActiveCfg = Release|Any CPU
		{05D9B3AC-E233-4ED4-BE55-F2A20B766D96}.Release|Any CPU.Build.0 = Release|Any CPU
		{122E1890-55FE-4D5A-93FD-1C6D4D33BAAD}.Debug|Any CPU.ActiveCfg = Debug|Any CPU
		{122E1890-55FE-4D5A-93FD-1C6D4D33BAAD}.Debug|Any CPU.Build.0 = Debug|Any CPU
		{122E1890-55FE-4D5A-93FD-1C6D4D33BAAD}.Release|Any CPU.ActiveCfg = Release|Any CPU
		{122E1890-55FE-4D5A-93FD-1C6D4D33BAAD}.Release|Any CPU.Build.0 = Release|Any CPU
		{C4679E3D-11E0-4ED6-85E8-C953CB48FD76}.Debug|Any CPU.ActiveCfg = Debug|Any CPU
		{C4679E3D-11E0-4ED6-85E8-C953CB48FD76}.Debug|Any CPU.Build.0 = Debug|Any CPU
		{C4679E3D-11E0-4ED6-85E8-C953CB48FD76}.Release|Any CPU.ActiveCfg = Release|Any CPU
		{C4679E3D-11E0-4ED6-85E8-C953CB48FD76}.Release|Any CPU.Build.0 = Release|Any CPU
		{647857CE-7A53-4820-9691-138A14B0A760}.Debug|Any CPU.ActiveCfg = Debug|Any CPU
		{647857CE-7A53-4820-9691-138A14B0A760}.Debug|Any CPU.Build.0 = Debug|Any CPU
		{647857CE-7A53-4820-9691-138A14B0A760}.Release|Any CPU.ActiveCfg = Release|Any CPU
		{647857CE-7A53-4820-9691-138A14B0A760}.Release|Any CPU.Build.0 = Release|Any CPU
		{175D73A0-C510-4142-9A0A-054052925C99}.Debug|Any CPU.ActiveCfg = Debug|Any CPU
		{175D73A0-C510-4142-9A0A-054052925C99}.Debug|Any CPU.Build.0 = Debug|Any CPU
		{175D73A0-C510-4142-9A0A-054052925C99}.Release|Any CPU.ActiveCfg = Release|Any CPU
		{175D73A0-C510-4142-9A0A-054052925C99}.Release|Any CPU.Build.0 = Release|Any CPU
		{BCFA1764-FE58-4912-AF17-DBA1F181F5C5}.Debug|Any CPU.ActiveCfg = Debug|Any CPU
		{BCFA1764-FE58-4912-AF17-DBA1F181F5C5}.Debug|Any CPU.Build.0 = Debug|Any CPU
		{BCFA1764-FE58-4912-AF17-DBA1F181F5C5}.Release|Any CPU.ActiveCfg = Release|Any CPU
		{BCFA1764-FE58-4912-AF17-DBA1F181F5C5}.Release|Any CPU.Build.0 = Release|Any CPU
		{A02D1154-3204-4B53-87C1-A64E623F632C}.Debug|Any CPU.ActiveCfg = Debug|Any CPU
		{A02D1154-3204-4B53-87C1-A64E623F632C}.Debug|Any CPU.Build.0 = Debug|Any CPU
		{A02D1154-3204-4B53-87C1-A64E623F632C}.Release|Any CPU.ActiveCfg = Release|Any CPU
		{A02D1154-3204-4B53-87C1-A64E623F632C}.Release|Any CPU.Build.0 = Release|Any CPU
		{493F2CA4-301B-422E-8389-FB2A779E8817}.Debug|Any CPU.ActiveCfg = Debug|Any CPU
		{493F2CA4-301B-422E-8389-FB2A779E8817}.Debug|Any CPU.Build.0 = Debug|Any CPU
		{493F2CA4-301B-422E-8389-FB2A779E8817}.Release|Any CPU.ActiveCfg = Release|Any CPU
		{493F2CA4-301B-422E-8389-FB2A779E8817}.Release|Any CPU.Build.0 = Release|Any CPU
	EndGlobalSection
	GlobalSection(SolutionProperties) = preSolution
		HideSolutionNode = FALSE
	EndGlobalSection
EndGlobal
